
Microsoft Visual Studio Solution File, Format Version 12.00
# Visual Studio 15
VisualStudioVersion = 15.0.27004.2005
MinimumVisualStudioVersion = 10.0.40219.1
Project("{9A19103F-16F7-4668-BE54-9A1E7A4F7556}") = "01.ClassBox", "01.ClassBox\01.ClassBox.csproj", "{1B0AA141-1315-4392-9B77-55E972022F56}"
EndProject
Project("{9A19103F-16F7-4668-BE54-9A1E7A4F7556}") = "02.ClassBoxDataValidation", "02.ClassBoxDataValidation\02.ClassBoxDataValidation.csproj", "{93E6BF5F-0B8F-4C72-99C0-9549FF8A4BA5}"
EndProject
Project("{FAE04EC0-301F-11D3-BF4B-00C04F79EFBC}") = "03.AnimalFarm", "03.AnimalFarm\03.AnimalFarm.csproj", "{057B2A83-B6A8-4E41-8CB2-D5D0F1640E81}"
EndProject
Project("{FAE04EC0-301F-11D3-BF4B-00C04F79EFBC}") = "04.ShoppingSpree", "04.ShoppingSpree\04.ShoppingSpree.csproj", "{75D74D12-9178-4EC3-AE0A-622179AA33CD}"
EndProject
Project("{FAE04EC0-301F-11D3-BF4B-00C04F79EFBC}") = "05.PizzaCalories", "05.PizzaCalories\05.PizzaCalories.csproj", "{2956194B-ABD5-46BE-AF7B-5031FD4AAAEB}"
EndProject
Project("{FAE04EC0-301F-11D3-BF4B-00C04F79EFBC}") = "06.FootballTeamGenerator", "06.FootballTeamGenerator\06.FootballTeamGenerator.csproj", "{6E016CBC-C57B-4AD6-B85D-F78C94439B88}"
EndProject
Global
	GlobalSection(SolutionConfigurationPlatforms) = preSolution
		Debug|Any CPU = Debug|Any CPU
		Release|Any CPU = Release|Any CPU
	EndGlobalSection
	GlobalSection(ProjectConfigurationPlatforms) = postSolution
		{1B0AA141-1315-4392-9B77-55E972022F56}.Debug|Any CPU.ActiveCfg = Debug|Any CPU
		{1B0AA141-1315-4392-9B77-55E972022F56}.Debug|Any CPU.Build.0 = Debug|Any CPU
		{1B0AA141-1315-4392-9B77-55E972022F56}.Release|Any CPU.ActiveCfg = Release|Any CPU
		{1B0AA141-1315-4392-9B77-55E972022F56}.Release|Any CPU.Build.0 = Release|Any CPU
		{93E6BF5F-0B8F-4C72-99C0-9549FF8A4BA5}.Debug|Any CPU.ActiveCfg = Debug|Any CPU
		{93E6BF5F-0B8F-4C72-99C0-9549FF8A4BA5}.Debug|Any CPU.Build.0 = Debug|Any CPU
		{93E6BF5F-0B8F-4C72-99C0-9549FF8A4BA5}.Release|Any CPU.ActiveCfg = Release|Any CPU
		{93E6BF5F-0B8F-4C72-99C0-9549FF8A4BA5}.Release|Any CPU.Build.0 = Release|Any CPU
		{057B2A83-B6A8-4E41-8CB2-D5D0F1640E81}.Debug|Any CPU.ActiveCfg = Debug|Any CPU
		{057B2A83-B6A8-4E41-8CB2-D5D0F1640E81}.Debug|Any CPU.Build.0 = Debug|Any CPU
		{057B2A83-B6A8-4E41-8CB2-D5D0F1640E81}.Release|Any CPU.ActiveCfg = Release|Any CPU
		{057B2A83-B6A8-4E41-8CB2-D5D0F1640E81}.Release|Any CPU.Build.0 = Release|Any CPU
		{75D74D12-9178-4EC3-AE0A-622179AA33CD}.Debug|Any CPU.ActiveCfg = Debug|Any CPU
		{75D74D12-9178-4EC3-AE0A-622179AA33CD}.Debug|Any CPU.Build.0 = Debug|Any CPU
		{75D74D12-9178-4EC3-AE0A-622179AA33CD}.Release|Any CPU.ActiveCfg = Release|Any CPU
		{75D74D12-9178-4EC3-AE0A-622179AA33CD}.Release|Any CPU.Build.0 = Release|Any CPU
		{2956194B-ABD5-46BE-AF7B-5031FD4AAAEB}.Debug|Any CPU.ActiveCfg = Debug|Any CPU
		{2956194B-ABD5-46BE-AF7B-5031FD4AAAEB}.Debug|Any CPU.Build.0 = Debug|Any CPU
		{2956194B-ABD5-46BE-AF7B-5031FD4AAAEB}.Release|Any CPU.ActiveCfg = Release|Any CPU
		{2956194B-ABD5-46BE-AF7B-5031FD4AAAEB}.Release|Any CPU.Build.0 = Release|Any CPU
		{6E016CBC-C57B-4AD6-B85D-F78C94439B88}.Debug|Any CPU.ActiveCfg = Debug|Any CPU
		{6E016CBC-C57B-4AD6-B85D-F78C94439B88}.Debug|Any CPU.Build.0 = Debug|Any CPU
		{6E016CBC-C57B-4AD6-B85D-F78C94439B88}.Release|Any CPU.ActiveCfg = Release|Any CPU
		{6E016CBC-C57B-4AD6-B85D-F78C94439B88}.Release|Any CPU.Build.0 = Release|Any CPU
	EndGlobalSection
	GlobalSection(SolutionProperties) = preSolution
		HideSolutionNode = FALSE
	EndGlobalSection
	GlobalSection(ExtensibilityGlobals) = postSolution
		SolutionGuid = {8F0EF819-190D-42D8-80BA-9CE5C214DA0A}
	EndGlobalSection
EndGlobal
