
Microsoft Visual Studio Solution File, Format Version 12.00
# Visual Studio 15
VisualStudioVersion = 15.0.27004.2005
MinimumVisualStudioVersion = 10.0.40219.1
Project("{9A19103F-16F7-4668-BE54-9A1E7A4F7556}") = "01.DefineAClassPerson", "01.DefineAClassPerson\01.DefineAClassPerson.csproj", "{B9441E78-3782-4699-BC00-1CD42F109228}"
EndProject
Project("{9A19103F-16F7-4668-BE54-9A1E7A4F7556}") = "02.CreatingConstructors", "02.CreatingConstructors\02.CreatingConstructors.csproj", "{4AAB7F18-7E06-48C0-A432-DDC0C95908C4}"
EndProject
Project("{9A19103F-16F7-4668-BE54-9A1E7A4F7556}") = "03.OldestFamilyMember", "03.OldestFamilyMember\03.OldestFamilyMember.csproj", "{12708189-1C08-4C48-9C5B-32797E373442}"
EndProject
Project("{9A19103F-16F7-4668-BE54-9A1E7A4F7556}") = "04.OpinionPoll", "04.OpinionPoll\04.OpinionPoll.csproj", "{31293491-A87C-4276-95AD-036EA0A72A13}"
EndProject
Project("{9A19103F-16F7-4668-BE54-9A1E7A4F7556}") = "05.DateModifier", "05.DateModifier\05.DateModifier.csproj", "{C53B5F83-015D-4DE9-9420-E5714A57DECD}"
EndProject
Project("{9A19103F-16F7-4668-BE54-9A1E7A4F7556}") = "06.CompanyRoster", "06.CompanyRoster\06.CompanyRoster.csproj", "{CB041F34-A6BD-4E08-A8BE-7621818C54D6}"
EndProject
Project("{FAE04EC0-301F-11D3-BF4B-00C04F79EFBC}") = "07.SpeedRacing", "07.SpeedRacing\07.SpeedRacing.csproj", "{63B38C61-7800-4582-95BB-DCA1E1F49959}"
EndProject
Project("{FAE04EC0-301F-11D3-BF4B-00C04F79EFBC}") = "08.RawData", "08.RawData\08.RawData.csproj", "{8B2298C3-1CA9-4B4D-AF14-C82A5F695728}"
EndProject
Project("{FAE04EC0-301F-11D3-BF4B-00C04F79EFBC}") = "09.RectangleIntersection", "09.RectangleIntersection\09.RectangleIntersection.csproj", "{959D6ADE-3097-445D-BB37-8F9D40881C0C}"
EndProject
Project("{FAE04EC0-301F-11D3-BF4B-00C04F79EFBC}") = "10.CarSalesman", "10.CarSalesman\10.CarSalesman.csproj", "{E1F8D665-B87D-41C0-997B-5E8BF5235FD3}"
EndProject
Project("{FAE04EC0-301F-11D3-BF4B-00C04F79EFBC}") = "11.PokemonTrainer", "11.PokemonTrainer\11.PokemonTrainer.csproj", "{BE31638E-B9D5-42F7-8EDA-DECEB32E89A2}"
EndProject
Project("{FAE04EC0-301F-11D3-BF4B-00C04F79EFBC}") = "15.DrawingTool", "15.DrawingTool\15.DrawingTool.csproj", "{F2F22C3F-F8A4-4AF0-B6A8-E14BF7915667}"
EndProject
Project("{FAE04EC0-301F-11D3-BF4B-00C04F79EFBC}") = "12.Google", "12.Google\12.Google.csproj", "{4F571D2D-0381-47C0-9010-0C58C22A863C}"
EndProject
Project("{FAE04EC0-301F-11D3-BF4B-00C04F79EFBC}") = "13.FamilyTree", "13.FamilyTree\13.FamilyTree.csproj", "{73004213-3E7F-4F1A-B150-79D3AD0BF291}"
EndProject
Project("{FAE04EC0-301F-11D3-BF4B-00C04F79EFBC}") = "14.CatLady", "14.CatLady\14.CatLady.csproj", "{487DF649-E8F5-46D6-9EDE-2F4849197604}"
EndProject
Global
	GlobalSection(SolutionConfigurationPlatforms) = preSolution
		Debug|Any CPU = Debug|Any CPU
		Release|Any CPU = Release|Any CPU
	EndGlobalSection
	GlobalSection(ProjectConfigurationPlatforms) = postSolution
		{B9441E78-3782-4699-BC00-1CD42F109228}.Debug|Any CPU.ActiveCfg = Debug|Any CPU
		{B9441E78-3782-4699-BC00-1CD42F109228}.Debug|Any CPU.Build.0 = Debug|Any CPU
		{B9441E78-3782-4699-BC00-1CD42F109228}.Release|Any CPU.ActiveCfg = Release|Any CPU
		{B9441E78-3782-4699-BC00-1CD42F109228}.Release|Any CPU.Build.0 = Release|Any CPU
		{4AAB7F18-7E06-48C0-A432-DDC0C95908C4}.Debug|Any CPU.ActiveCfg = Debug|Any CPU
		{4AAB7F18-7E06-48C0-A432-DDC0C95908C4}.Debug|Any CPU.Build.0 = Debug|Any CPU
		{4AAB7F18-7E06-48C0-A432-DDC0C95908C4}.Release|Any CPU.ActiveCfg = Release|Any CPU
		{4AAB7F18-7E06-48C0-A432-DDC0C95908C4}.Release|Any CPU.Build.0 = Release|Any CPU
		{12708189-1C08-4C48-9C5B-32797E373442}.Debug|Any CPU.ActiveCfg = Debug|Any CPU
		{12708189-1C08-4C48-9C5B-32797E373442}.Debug|Any CPU.Build.0 = Debug|Any CPU
		{12708189-1C08-4C48-9C5B-32797E373442}.Release|Any CPU.ActiveCfg = Release|Any CPU
		{12708189-1C08-4C48-9C5B-32797E373442}.Release|Any CPU.Build.0 = Release|Any CPU
		{31293491-A87C-4276-95AD-036EA0A72A13}.Debug|Any CPU.ActiveCfg = Debug|Any CPU
		{31293491-A87C-4276-95AD-036EA0A72A13}.Debug|Any CPU.Build.0 = Debug|Any CPU
		{31293491-A87C-4276-95AD-036EA0A72A13}.Release|Any CPU.ActiveCfg = Release|Any CPU
		{31293491-A87C-4276-95AD-036EA0A72A13}.Release|Any CPU.Build.0 = Release|Any CPU
		{C53B5F83-015D-4DE9-9420-E5714A57DECD}.Debug|Any CPU.ActiveCfg = Debug|Any CPU
		{C53B5F83-015D-4DE9-9420-E5714A57DECD}.Debug|Any CPU.Build.0 = Debug|Any CPU
		{C53B5F83-015D-4DE9-9420-E5714A57DECD}.Release|Any CPU.ActiveCfg = Release|Any CPU
		{C53B5F83-015D-4DE9-9420-E5714A57DECD}.Release|Any CPU.Build.0 = Release|Any CPU
		{CB041F34-A6BD-4E08-A8BE-7621818C54D6}.Debug|Any CPU.ActiveCfg = Debug|Any CPU
		{CB041F34-A6BD-4E08-A8BE-7621818C54D6}.Debug|Any CPU.Build.0 = Debug|Any CPU
		{CB041F34-A6BD-4E08-A8BE-7621818C54D6}.Release|Any CPU.ActiveCfg = Release|Any CPU
		{CB041F34-A6BD-4E08-A8BE-7621818C54D6}.Release|Any CPU.Build.0 = Release|Any CPU
		{63B38C61-7800-4582-95BB-DCA1E1F49959}.Debug|Any CPU.ActiveCfg = Debug|Any CPU
		{63B38C61-7800-4582-95BB-DCA1E1F49959}.Debug|Any CPU.Build.0 = Debug|Any CPU
		{63B38C61-7800-4582-95BB-DCA1E1F49959}.Release|Any CPU.ActiveCfg = Release|Any CPU
		{63B38C61-7800-4582-95BB-DCA1E1F49959}.Release|Any CPU.Build.0 = Release|Any CPU
		{8B2298C3-1CA9-4B4D-AF14-C82A5F695728}.Debug|Any CPU.ActiveCfg = Debug|Any CPU
		{8B2298C3-1CA9-4B4D-AF14-C82A5F695728}.Debug|Any CPU.Build.0 = Debug|Any CPU
		{8B2298C3-1CA9-4B4D-AF14-C82A5F695728}.Release|Any CPU.ActiveCfg = Release|Any CPU
		{8B2298C3-1CA9-4B4D-AF14-C82A5F695728}.Release|Any CPU.Build.0 = Release|Any CPU
		{959D6ADE-3097-445D-BB37-8F9D40881C0C}.Debug|Any CPU.ActiveCfg = Debug|Any CPU
		{959D6ADE-3097-445D-BB37-8F9D40881C0C}.Debug|Any CPU.Build.0 = Debug|Any CPU
		{959D6ADE-3097-445D-BB37-8F9D40881C0C}.Release|Any CPU.ActiveCfg = Release|Any CPU
		{959D6ADE-3097-445D-BB37-8F9D40881C0C}.Release|Any CPU.Build.0 = Release|Any CPU
		{E1F8D665-B87D-41C0-997B-5E8BF5235FD3}.Debug|Any CPU.ActiveCfg = Debug|Any CPU
		{E1F8D665-B87D-41C0-997B-5E8BF5235FD3}.Debug|Any CPU.Build.0 = Debug|Any CPU
		{E1F8D665-B87D-41C0-997B-5E8BF5235FD3}.Release|Any CPU.ActiveCfg = Release|Any CPU
		{E1F8D665-B87D-41C0-997B-5E8BF5235FD3}.Release|Any CPU.Build.0 = Release|Any CPU
		{BE31638E-B9D5-42F7-8EDA-DECEB32E89A2}.Debug|Any CPU.ActiveCfg = Debug|Any CPU
		{BE31638E-B9D5-42F7-8EDA-DECEB32E89A2}.Debug|Any CPU.Build.0 = Debug|Any CPU
		{BE31638E-B9D5-42F7-8EDA-DECEB32E89A2}.Release|Any CPU.ActiveCfg = Release|Any CPU
		{BE31638E-B9D5-42F7-8EDA-DECEB32E89A2}.Release|Any CPU.Build.0 = Release|Any CPU
		{F2F22C3F-F8A4-4AF0-B6A8-E14BF7915667}.Debug|Any CPU.ActiveCfg = Debug|Any CPU
		{F2F22C3F-F8A4-4AF0-B6A8-E14BF7915667}.Debug|Any CPU.Build.0 = Debug|Any CPU
		{F2F22C3F-F8A4-4AF0-B6A8-E14BF7915667}.Release|Any CPU.ActiveCfg = Release|Any CPU
		{F2F22C3F-F8A4-4AF0-B6A8-E14BF7915667}.Release|Any CPU.Build.0 = Release|Any CPU
		{4F571D2D-0381-47C0-9010-0C58C22A863C}.Debug|Any CPU.ActiveCfg = Debug|Any CPU
		{4F571D2D-0381-47C0-9010-0C58C22A863C}.Debug|Any CPU.Build.0 = Debug|Any CPU
		{4F571D2D-0381-47C0-9010-0C58C22A863C}.Release|Any CPU.ActiveCfg = Release|Any CPU
		{4F571D2D-0381-47C0-9010-0C58C22A863C}.Release|Any CPU.Build.0 = Release|Any CPU
		{73004213-3E7F-4F1A-B150-79D3AD0BF291}.Debug|Any CPU.ActiveCfg = Debug|Any CPU
		{73004213-3E7F-4F1A-B150-79D3AD0BF291}.Debug|Any CPU.Build.0 = Debug|Any CPU
		{73004213-3E7F-4F1A-B150-79D3AD0BF291}.Release|Any CPU.ActiveCfg = Release|Any CPU
		{73004213-3E7F-4F1A-B150-79D3AD0BF291}.Release|Any CPU.Build.0 = Release|Any CPU
		{487DF649-E8F5-46D6-9EDE-2F4849197604}.Debug|Any CPU.ActiveCfg = Debug|Any CPU
		{487DF649-E8F5-46D6-9EDE-2F4849197604}.Debug|Any CPU.Build.0 = Debug|Any CPU
		{487DF649-E8F5-46D6-9EDE-2F4849197604}.Release|Any CPU.ActiveCfg = Release|Any CPU
		{487DF649-E8F5-46D6-9EDE-2F4849197604}.Release|Any CPU.Build.0 = Release|Any CPU
	EndGlobalSection
	GlobalSection(SolutionProperties) = preSolution
		HideSolutionNode = FALSE
	EndGlobalSection
	GlobalSection(ExtensibilityGlobals) = postSolution
		SolutionGuid = {0F379B95-73BB-480D-9A9E-A778311BB264}
	EndGlobalSection
EndGlobal
