
Microsoft Visual Studio Solution File, Format Version 12.00
# Visual Studio 15
VisualStudioVersion = 15.0.27004.2005
MinimumVisualStudioVersion = 10.0.40219.1
Project("{9A19103F-16F7-4668-BE54-9A1E7A4F7556}") = "01.DefineAnInterfaceIPerson", "01.DefineAnInterfaceIPerson\01.DefineAnInterfaceIPerson.csproj", "{9B5F3149-B8A0-45BA-B549-4F0333B4513F}"
EndProject
Project("{9A19103F-16F7-4668-BE54-9A1E7A4F7556}") = "02.MultipleImplementation", "02.MultipleImplementation\02.MultipleImplementation.csproj", "{70AFE435-756A-4A2F-998F-A1D0934121BD}"
EndProject
Project("{9A19103F-16F7-4668-BE54-9A1E7A4F7556}") = "03.Ferrari", "03.Ferrari\03.Ferrari.csproj", "{1BEED15A-DA79-40EB-AD19-8CD6D3961F30}"
EndProject
Project("{9A19103F-16F7-4668-BE54-9A1E7A4F7556}") = "04.Telephony", "04.Telephony\04.Telephony.csproj", "{5182D372-1B57-413F-AA53-B38D63613DC3}"
EndProject
Project("{9A19103F-16F7-4668-BE54-9A1E7A4F7556}") = "05.BorderControl", "05.BorderControl\05.BorderControl.csproj", "{BF2726CD-EC68-414F-A050-BA56B323A125}"
EndProject
Project("{9A19103F-16F7-4668-BE54-9A1E7A4F7556}") = "06.BirthdayCelebrations", "06.BirthdayCelebrations\06.BirthdayCelebrations.csproj", "{15E9F8D4-9052-4720-A740-200669C4C1F2}"
EndProject
Project("{FAE04EC0-301F-11D3-BF4B-00C04F79EFBC}") = "09.Collection Hierarchy", "09.Collection Hierarchy\09.Collection Hierarchy.csproj", "{F44A02BF-2BD9-43D3-B30F-2CBACE03101B}"
EndProject
Project("{FAE04EC0-301F-11D3-BF4B-00C04F79EFBC}") = "10.ExplicitInterfaces", "10.ExplicitInterfaces\10.ExplicitInterfaces.csproj", "{C0722644-F966-4919-88F4-6059B4508E73}"
EndProject
Project("{FAE04EC0-301F-11D3-BF4B-00C04F79EFBC}") = "07.FoodShortage", "07.FoodShortage\07.FoodShortage.csproj", "{D3CCE074-4F47-492D-B3EA-A52DC1480920}"
EndProject
Project("{FAE04EC0-301F-11D3-BF4B-00C04F79EFBC}") = "08.MilitaryElite", "08.MilitaryElite\08.MilitaryElite.csproj", "{029D16E2-CAC1-4869-A7E2-B55DD5BF6198}"
EndProject
Global
	GlobalSection(SolutionConfigurationPlatforms) = preSolution
		Debug|Any CPU = Debug|Any CPU
		Release|Any CPU = Release|Any CPU
	EndGlobalSection
	GlobalSection(ProjectConfigurationPlatforms) = postSolution
		{9B5F3149-B8A0-45BA-B549-4F0333B4513F}.Debug|Any CPU.ActiveCfg = Debug|Any CPU
		{9B5F3149-B8A0-45BA-B549-4F0333B4513F}.Debug|Any CPU.Build.0 = Debug|Any CPU
		{9B5F3149-B8A0-45BA-B549-4F0333B4513F}.Release|Any CPU.ActiveCfg = Release|Any CPU
		{9B5F3149-B8A0-45BA-B549-4F0333B4513F}.Release|Any CPU.Build.0 = Release|Any CPU
		{70AFE435-756A-4A2F-998F-A1D0934121BD}.Debug|Any CPU.ActiveCfg = Debug|Any CPU
		{70AFE435-756A-4A2F-998F-A1D0934121BD}.Debug|Any CPU.Build.0 = Debug|Any CPU
		{70AFE435-756A-4A2F-998F-A1D0934121BD}.Release|Any CPU.ActiveCfg = Release|Any CPU
		{70AFE435-756A-4A2F-998F-A1D0934121BD}.Release|Any CPU.Build.0 = Release|Any CPU
		{1BEED15A-DA79-40EB-AD19-8CD6D3961F30}.Debug|Any CPU.ActiveCfg = Debug|Any CPU
		{1BEED15A-DA79-40EB-AD19-8CD6D3961F30}.Debug|Any CPU.Build.0 = Debug|Any CPU
		{1BEED15A-DA79-40EB-AD19-8CD6D3961F30}.Release|Any CPU.ActiveCfg = Release|Any CPU
		{1BEED15A-DA79-40EB-AD19-8CD6D3961F30}.Release|Any CPU.Build.0 = Release|Any CPU
		{5182D372-1B57-413F-AA53-B38D63613DC3}.Debug|Any CPU.ActiveCfg = Debug|Any CPU
		{5182D372-1B57-413F-AA53-B38D63613DC3}.Debug|Any CPU.Build.0 = Debug|Any CPU
		{5182D372-1B57-413F-AA53-B38D63613DC3}.Release|Any CPU.ActiveCfg = Release|Any CPU
		{5182D372-1B57-413F-AA53-B38D63613DC3}.Release|Any CPU.Build.0 = Release|Any CPU
		{BF2726CD-EC68-414F-A050-BA56B323A125}.Debug|Any CPU.ActiveCfg = Debug|Any CPU
		{BF2726CD-EC68-414F-A050-BA56B323A125}.Debug|Any CPU.Build.0 = Debug|Any CPU
		{BF2726CD-EC68-414F-A050-BA56B323A125}.Release|Any CPU.ActiveCfg = Release|Any CPU
		{BF2726CD-EC68-414F-A050-BA56B323A125}.Release|Any CPU.Build.0 = Release|Any CPU
		{15E9F8D4-9052-4720-A740-200669C4C1F2}.Debug|Any CPU.ActiveCfg = Debug|Any CPU
		{15E9F8D4-9052-4720-A740-200669C4C1F2}.Debug|Any CPU.Build.0 = Debug|Any CPU
		{15E9F8D4-9052-4720-A740-200669C4C1F2}.Release|Any CPU.ActiveCfg = Release|Any CPU
		{15E9F8D4-9052-4720-A740-200669C4C1F2}.Release|Any CPU.Build.0 = Release|Any CPU
		{F44A02BF-2BD9-43D3-B30F-2CBACE03101B}.Debug|Any CPU.ActiveCfg = Debug|Any CPU
		{F44A02BF-2BD9-43D3-B30F-2CBACE03101B}.Debug|Any CPU.Build.0 = Debug|Any CPU
		{F44A02BF-2BD9-43D3-B30F-2CBACE03101B}.Release|Any CPU.ActiveCfg = Release|Any CPU
		{F44A02BF-2BD9-43D3-B30F-2CBACE03101B}.Release|Any CPU.Build.0 = Release|Any CPU
		{C0722644-F966-4919-88F4-6059B4508E73}.Debug|Any CPU.ActiveCfg = Debug|Any CPU
		{C0722644-F966-4919-88F4-6059B4508E73}.Debug|Any CPU.Build.0 = Debug|Any CPU
		{C0722644-F966-4919-88F4-6059B4508E73}.Release|Any CPU.ActiveCfg = Release|Any CPU
		{C0722644-F966-4919-88F4-6059B4508E73}.Release|Any CPU.Build.0 = Release|Any CPU
		{D3CCE074-4F47-492D-B3EA-A52DC1480920}.Debug|Any CPU.ActiveCfg = Debug|Any CPU
		{D3CCE074-4F47-492D-B3EA-A52DC1480920}.Debug|Any CPU.Build.0 = Debug|Any CPU
		{D3CCE074-4F47-492D-B3EA-A52DC1480920}.Release|Any CPU.ActiveCfg = Release|Any CPU
		{D3CCE074-4F47-492D-B3EA-A52DC1480920}.Release|Any CPU.Build.0 = Release|Any CPU
		{029D16E2-CAC1-4869-A7E2-B55DD5BF6198}.Debug|Any CPU.ActiveCfg = Debug|Any CPU
		{029D16E2-CAC1-4869-A7E2-B55DD5BF6198}.Debug|Any CPU.Build.0 = Debug|Any CPU
		{029D16E2-CAC1-4869-A7E2-B55DD5BF6198}.Release|Any CPU.ActiveCfg = Release|Any CPU
		{029D16E2-CAC1-4869-A7E2-B55DD5BF6198}.Release|Any CPU.Build.0 = Release|Any CPU
	EndGlobalSection
	GlobalSection(SolutionProperties) = preSolution
		HideSolutionNode = FALSE
	EndGlobalSection
	GlobalSection(ExtensibilityGlobals) = postSolution
		SolutionGuid = {73FA6411-E7F7-4867-94DB-0A267502584F}
	EndGlobalSection
EndGlobal
